{
  "version": "5",
  "specifiers": {
    "jsr:@std/assert@^1.0.19": "1.0.19",
    "jsr:@std/fs@^1.0.24": "1.0.24",
    "jsr:@std/internal@^1.0.12": "1.0.14",
    "jsr:@std/internal@^1.0.14": "1.0.14",
    "jsr:@std/path@^1.1.5": "1.1.5",
    "npm:@happy-dom/global-registrator@20.0.11": "20.0.11",
    "npm:@types/chrome@~0.1.43": "0.1.43",
    "npm:@types/firefox-webext-browser@143": "143.0.0",
    "npm:@victr/deepmerge@^1.3.2": "1.3.2",
    "npm:clickdown@^1.3.4": "1.3.4",
    "npm:esbuild@0.28": "0.28.0",
    "npm:fake-indexeddb@^6.2.5": "6.2.5",
    "npm:happy-dom@20.0.11": "20.0.11",
    "npm:pocket-editor@^2.6.0": "2.6.0",
    "npm:prism-code-editor@^5.2.0": "5.2.0"
  },
  "jsr": {
    "@std/assert@1.0.19": {
      "integrity": "eaada96ee120cb980bc47e040f82814d786fe8162ecc53c91d8df60b8755991e",
      "dependencies": [
        "jsr:@std/internal@^1.0.12"
      ]
    },
    "@std/fs@1.0.24": {
      "integrity": "f3061b45b81673a2bece689da041df32d174be064c89eb6397fb5718d3fb7877",
      "dependencies": [
        "jsr:@std/internal@^1.0.14",
        "jsr:@std/path"
      ]
    },
    "@std/internal@1.0.14": {
      "integrity": "291516b3d4c35024d6ffbc0a9df5bf4c64116e05b50012cf846710152d2ffdf7"
    },
    "@std/path@1.1.5": {
      "integrity": "ccea00982ea28c36becaf6e62f855406c76a8c32d462f66f415bbb7d83a271bc",
      "dependencies": [
        "jsr:@std/internal@^1.0.14"
      ]
    }
  },
  "npm": {
    "@esbuild/aix-ppc64@0.28.0": {
      "integrity": "sha512-lhRUCeuOyJQURhTxl4WkpFTjIsbDayJHih5kZC1giwE+MhIzAb7mEsQMqMf18rHLsrb5qI1tafG20mLxEWcWlA==",
      "os": ["aix"],
      "cpu": ["ppc64"]
    },
    "@esbuild/android-arm64@0.28.0": {
      "integrity": "sha512-+WzIXQOSaGs33tLEgYPYe/yQHf0WTU0X42Jca3y8NWMbUVhp7rUnw+vAsRC/QiDrdD31IszMrZy+qwPOPjd+rw==",
      "os": ["android"],
      "cpu": ["arm64"]
    },
    "@esbuild/android-arm@0.28.0": {
      "integrity": "sha512-wqh0ByljabXLKHeWXYLqoJ5jKC4XBaw6Hk08OfMrCRd2nP2ZQ5eleDZC41XHyCNgktBGYMbqnrJKq/K/lzPMSQ==",
      "os": ["android"],
      "cpu": ["arm"]
    },
    "@esbuild/android-x64@0.28.0": {
      "integrity": "sha512-+VJggoaKhk2VNNqVL7f6S189UzShHC/mR9EE8rDdSkdpN0KflSwWY/gWjDrNxxisg8Fp1ZCD9jLMo4m0OUfeUA==",
      "os": ["android"],
      "cpu": ["x64"]
    },
    "@esbuild/darwin-arm64@0.28.0": {
      "integrity": "sha512-0T+A9WZm+bZ84nZBtk1ckYsOvyA3x7e2Acj1KdVfV4/2tdG4fzUp91YHx+GArWLtwqp77pBXVCPn2We7Letr0Q==",
      "os": ["darwin"],
      "cpu": ["arm64"]
    },
    "@esbuild/darwin-x64@0.28.0": {
      "integrity": "sha512-fyzLm/DLDl/84OCfp2f/XQ4flmORsjU7VKt8HLjvIXChJoFFOIL6pLJPH4Yhd1n1gGFF9mPwtlN5Wf82DZs+LQ==",
      "os": ["darwin"],
      "cpu": ["x64"]
    },
    "@esbuild/freebsd-arm64@0.28.0": {
      "integrity": "sha512-l9GeW5UZBT9k9brBYI+0WDffcRxgHQD8ShN2Ur4xWq/NFzUKm3k5lsH4PdaRgb2w7mI9u61nr2gI2mLI27Nh3Q==",
      "os": ["freebsd"],
      "cpu": ["arm64"]
    },
    "@esbuild/freebsd-x64@0.28.0": {
      "integrity": "sha512-BXoQai/A0wPO6Es3yFJ7APCiKGc1tdAEOgeTNy3SsB491S3aHn4S4r3e976eUnPdU+NbdtmBuLncYir2tMU9Nw==",
      "os": ["freebsd"],
      "cpu": ["x64"]
    },
    "@esbuild/linux-arm64@0.28.0": {
      "integrity": "sha512-RVyzfb3FWsGA55n6WY0MEIEPURL1FcbhFE6BffZEMEekfCzCIMtB5yyDcFnVbTnwk+CLAgTujmV/Lgvih56W+A==",
      "os": ["linux"],
      "cpu": ["arm64"]
    },
    "@esbuild/linux-arm@0.28.0": {
      "integrity": "sha512-CjaaREJagqJp7iTaNQjjidaNbCKYcd4IDkzbwwxtSvjI7NZm79qiHc8HqciMddQ6CKvJT6aBd8lO9kN/ZudLlw==",
      "os": ["linux"],
      "cpu": ["arm"]
    },
    "@esbuild/linux-ia32@0.28.0": {
      "integrity": "sha512-KBnSTt1kxl9x70q+ydterVdl+Cn0H18ngRMRCEQfrbqdUuntQQ0LoMZv47uB97NljZFzY6HcfqEZ2SAyIUTQBQ==",
      "os": ["linux"],
      "cpu": ["ia32"]
    },
    "@esbuild/linux-loong64@0.28.0": {
      "integrity": "sha512-zpSlUce1mnxzgBADvxKXX5sl8aYQHo2ezvMNI8I0lbblJtp8V4odlm3Yzlj7gPyt3T8ReksE6bK+pT3WD+aJRg==",
      "os": ["linux"],
      "cpu": ["loong64"]
    },
    "@esbuild/linux-mips64el@0.28.0": {
      "integrity": "sha512-2jIfP6mmjkdmeTlsX/9vmdmhBmKADrWqN7zcdtHIeNSCH1SqIoNI63cYsjQR8J+wGa4Y5izRcSHSm8K3QWmk3w==",
      "os": ["linux"],
      "cpu": ["mips64el"]
    },
    "@esbuild/linux-ppc64@0.28.0": {
      "integrity": "sha512-bc0FE9wWeC0WBm49IQMPSPILRocGTQt3j5KPCA8os6VprfuJ7KD+5PzESSrJ6GmPIPJK965ZJHTUlSA6GNYEhg==",
      "os": ["linux"],
      "cpu": ["ppc64"]
    },
    "@esbuild/linux-riscv64@0.28.0": {
      "integrity": "sha512-SQPZOwoTTT/HXFXQJG/vBX8sOFagGqvZyXcgLA3NhIqcBv1BJU1d46c0rGcrij2B56Z2rNiSLaZOYW5cUk7yLQ==",
      "os": ["linux"],
      "cpu": ["riscv64"]
    },
    "@esbuild/linux-s390x@0.28.0": {
      "integrity": "sha512-SCfR0HN8CEEjnYnySJTd2cw0k9OHB/YFzt5zgJEwa+wL/T/raGWYMBqwDNAC6dqFKmJYZoQBRfHjgwLHGSrn3Q==",
      "os": ["linux"],
      "cpu": ["s390x"]
    },
    "@esbuild/linux-x64@0.28.0": {
      "integrity": "sha512-us0dSb9iFxIi8srnpl931Nvs65it/Jd2a2K3qs7fz2WfGPHqzfzZTfec7oxZJRNPXPnNYZtanmRc4AL/JwVzHQ==",
      "os": ["linux"],
      "cpu": ["x64"]
    },
    "@esbuild/netbsd-arm64@0.28.0": {
      "integrity": "sha512-CR/RYotgtCKwtftMwJlUU7xCVNg3lMYZ0RzTmAHSfLCXw3NtZtNpswLEj/Kkf6kEL3Gw+BpOekRX0BYCtklhUw==",
      "os": ["netbsd"],
      "cpu": ["arm64"]
    },
    "@esbuild/netbsd-x64@0.28.0": {
      "integrity": "sha512-nU1yhmYutL+fQ71Kxnhg8uEOdC0pwEW9entHykTgEbna2pw2dkbFSMeqjjyHZoCmt8SBkOSvV+yNmm94aUrrqw==",
      "os": ["netbsd"],
      "cpu": ["x64"]
    },
    "@esbuild/openbsd-arm64@0.28.0": {
      "integrity": "sha512-cXb5vApOsRsxsEl4mcZ1XY3D4DzcoMxR/nnc4IyqYs0rTI8ZKmW6kyyg+11Z8yvgMfAEldKzP7AdP64HnSC/6g==",
      "os": ["openbsd"],
      "cpu": ["arm64"]
    },
    "@esbuild/openbsd-x64@0.28.0": {
      "integrity": "sha512-8wZM2qqtv9UP3mzy7HiGYNH/zjTA355mpeuA+859TyR+e+Tc08IHYpLJuMsfpDJwoLo1ikIJI8jC3GFjnRClzA==",
      "os": ["openbsd"],
      "cpu": ["x64"]
    },
    "@esbuild/openharmony-arm64@0.28.0": {
      "integrity": "sha512-FLGfyizszcef5C3YtoyQDACyg95+dndv79i2EekILBofh5wpCa1KuBqOWKrEHZg3zrL3t5ouE5jgr94vA+Wb2w==",
      "os": ["openharmony"],
      "cpu": ["arm64"]
    },
    "@esbuild/sunos-x64@0.28.0": {
      "integrity": "sha512-1ZgjUoEdHZZl/YlV76TSCz9Hqj9h9YmMGAgAPYd+q4SicWNX3G5GCyx9uhQWSLcbvPW8Ni7lj4gDa1T40akdlw==",
      "os": ["sunos"],
      "cpu": ["x64"]
    },
    "@esbuild/win32-arm64@0.28.0": {
      "integrity": "sha512-Q9StnDmQ/enxnpxCCLSg0oo4+34B9TdXpuyPeTedN/6+iXBJ4J+zwfQI28u/Jl40nOYAxGoNi7mFP40RUtkmUA==",
      "os": ["win32"],
      "cpu": ["arm64"]
    },
    "@esbuild/win32-ia32@0.28.0": {
      "integrity": "sha512-zF3ag/gfiCe6U2iczcRzSYJKH1DCI+ByzSENHlM2FcDbEeo5Zd2C86Aq0tKUYAJJ1obRP84ymxIAksZUcdztHA==",
      "os": ["win32"],
      "cpu": ["ia32"]
    },
    "@esbuild/win32-x64@0.28.0": {
      "integrity": "sha512-pEl1bO9mfAmIC+tW5btTmrKaujg3zGtUmWNdCw/xs70FBjwAL3o9OEKNHvNmnyylD6ubxUERiEhdsL0xBQ9efw==",
      "os": ["win32"],
      "cpu": ["x64"]
    },
    "@happy-dom/global-registrator@20.0.11": {
      "integrity": "sha512-GqNqiShBT/lzkHTMC/slKBrvN0DsD4Di8ssBk4aDaVgEn+2WMzE6DXxq701ndSXj7/0cJ8mNT71pM7Bnrr6JRw==",
      "dependencies": [
        "@types/node",
        "happy-dom"
      ]
    },
    "@types/chrome@0.1.43": {
      "integrity": "sha512-ukH/HhmR6ht+UTX3PLUWJxgJ/RQcK2Foj4lBzsF24SIWsXgqhGuXqjd8FFuwioPP7d/JUKLM4g8GZxw3F4HTcA==",
      "dependencies": [
        "@types/filesystem",
        "@types/har-format"
      ]
    },
    "@types/filesystem@0.0.36": {
      "integrity": "sha512-vPDXOZuannb9FZdxgHnqSwAG/jvdGM8Wq+6N4D/d80z+D4HWH+bItqsZaVRQykAn6WEVeEkLm2oQigyHtgb0RA==",
      "dependencies": [
        "@types/filewriter"
      ]
    },
    "@types/filewriter@0.0.33": {
      "integrity": "sha512-xFU8ZXTw4gd358lb2jw25nxY9QAgqn2+bKKjKOYfNCzN4DKCFetK7sPtrlpg66Ywe3vWY9FNxprZawAh9wfJ3g=="
    },
    "@types/firefox-webext-browser@143.0.0": {
      "integrity": "sha512-865dYKMOP0CllFyHmgXV4IQgVL51OSQQCwSoihQ17EwugePKFSAZRc0EI+y7Ly4q7j5KyURlA7LgRpFieO4JOw=="
    },
    "@types/har-format@1.2.16": {
      "integrity": "sha512-fluxdy7ryD3MV6h8pTfTYpy/xQzCFC7m89nOH9y94cNqJ1mDIDPut7MnRHI3F6qRmh/cT2fUjG1MLdCNb4hE9A=="
    },
    "@types/node@20.19.42": {
      "integrity": "sha512-5L7SUaFC1RyDraj2yRhyBzHTobyXHmohD100CChNtyPyleoq37Mqab5Gn8XEKI04dfN/oqPdpHk38MgcQWHbZg==",
      "dependencies": [
        "undici-types"
      ]
    },
    "@types/whatwg-mimetype@3.0.2": {
      "integrity": "sha512-c2AKvDT8ToxLIOUlN51gTiHXflsfIFisS4pO7pDPoKouJCESkhZnEy623gwP9laCy5lnLDAw1vAzu2vM2YLOrA=="
    },
    "@victr/deepmerge@1.3.2": {
      "integrity": "sha512-32/Yb0uvqDK+aFb7QbtHbHKmoPseGKcoRMN5aFyHN+CGAzqzQQ/iQYSSHu+x9KVMPG3J0lB3gQo/ngXzzPN3sg=="
    },
    "clickdown@1.3.4": {
      "integrity": "sha512-r6XpHyAhU1gMBLFZtrbcyRBM/boahd0uR3kjzN1ljUf88xh4/YbWwCEgXbxbXngzX6JSflBcBJYSkBeiFbzZiA=="
    },
    "esbuild@0.28.0": {
      "integrity": "sha512-sNR9MHpXSUV/XB4zmsFKN+QgVG82Cc7+/aaxJ8Adi8hyOac+EXptIp45QBPaVyX3N70664wRbTcLTOemCAnyqw==",
      "optionalDependencies": [
        "@esbuild/aix-ppc64",
        "@esbuild/android-arm",
        "@esbuild/android-arm64",
        "@esbuild/android-x64",
        "@esbuild/darwin-arm64",
        "@esbuild/darwin-x64",
        "@esbuild/freebsd-arm64",
        "@esbuild/freebsd-x64",
        "@esbuild/linux-arm",
        "@esbuild/linux-arm64",
        "@esbuild/linux-ia32",
        "@esbuild/linux-loong64",
        "@esbuild/linux-mips64el",
        "@esbuild/linux-ppc64",
        "@esbuild/linux-riscv64",
        "@esbuild/linux-s390x",
        "@esbuild/linux-x64",
        "@esbuild/netbsd-arm64",
        "@esbuild/netbsd-x64",
        "@esbuild/openbsd-arm64",
        "@esbuild/openbsd-x64",
        "@esbuild/openharmony-arm64",
        "@esbuild/sunos-x64",
        "@esbuild/win32-arm64",
        "@esbuild/win32-ia32",
        "@esbuild/win32-x64"
      ],
      "scripts": true,
      "bin": true
    },
    "fake-indexeddb@6.2.5": {
      "integrity": "sha512-CGnyrvbhPlWYMngksqrSSUT1BAVP49dZocrHuK0SvtR0D5TMs5wP0o3j7jexDJW01KSadjBp1M/71o/KR3nD1w=="
    },
    "happy-dom@20.0.11": {
      "integrity": "sha512-QsCdAUHAmiDeKeaNojb1OHOPF7NjcWPBR7obdu3NwH2a/oyQaLg5d0aaCy/9My6CdPChYF07dvz5chaXBGaD4g==",
      "dependencies": [
        "@types/node",
        "@types/whatwg-mimetype",
        "whatwg-mimetype"
      ]
    },
    "pocket-editor@2.6.0": {
      "integrity": "sha512-wuYaTTeoy9j5bDbwWOU2++UgmG/5LmRAq0hTdAozmKxI+4M5z2nMvQESu/ZSvlj7WyGN2RJy5tUAAFFyWeYC+w=="
    },
    "prism-code-editor@5.2.0": {
      "integrity": "sha512-e7zHQbLZ/Ft35dKH1Flo1m4bjtDvn4IZyvMQa1za2r/YhiTFa++Vl2TIfNW6IHJCqQ+C+DMLJPGY544P52syuQ=="
    },
    "undici-types@6.21.0": {
      "integrity": "sha512-iwDZqg0QAGrg9Rav5H4n0M64c3mkR59cJ6wQp+7C4nI0gsmExaedaYLNO44eT4AtBBwjbTiGPMlt2Md0T9H9JQ=="
    },
    "whatwg-mimetype@3.0.0": {
      "integrity": "sha512-nt+N2dzIutVRxARx1nghPKGv1xHikU7HKdfafKkLNLindmPU/ch3U31NOCGGA/dmPcmb1VlofO0vnKAcsm0o/Q=="
    }
  },
  "workspace": {
    "dependencies": [
      "jsr:@std/assert@^1.0.19",
      "jsr:@std/fs@^1.0.24",
      "npm:@happy-dom/global-registrator@20.0.11",
      "npm:@types/chrome@~0.1.43",
      "npm:@types/firefox-webext-browser@143",
      "npm:@victr/deepmerge@^1.3.2",
      "npm:clickdown@^1.3.4",
      "npm:esbuild@0.28",
      "npm:fake-indexeddb@^6.2.5",
      "npm:happy-dom@20.0.11",
      "npm:pocket-editor@^2.6.0",
      "npm:prism-code-editor@^5.2.0"
    ]
  }
}
