lockfileVersion: '9.0'

settings:
  autoInstallPeers: true
  excludeLinksFromLockfile: false

importers:

  .:
    dependencies:
      '@victr/deepmerge':
        specifier: ^1.3.2
        version: 1.3.2
      clickdown:
        specifier: ^1.1.2
        version: 1.1.2
      idb-keyval:
        specifier: ^6.2.1
        version: 6.2.1
      pocket-editor:
        specifier: ^2.2.0
        version: 2.2.0
      prism-code-editor:
        specifier: ^3.3.1
        version: 3.3.1
    devDependencies:
      '@types/chrome':
        specifier: ^0.0.268
        version: 0.0.268
      esbuild:
        specifier: ^0.21.4
        version: 0.21.4
      user-agent-data-types:
        specifier: ^0.4.2
        version: 0.4.2
      web-ext-types:
        specifier: ^3.2.1
        version: 3.2.1

packages:

  '@esbuild/aix-ppc64@0.21.4':
    resolution: {integrity: sha512-Zrm+B33R4LWPLjDEVnEqt2+SLTATlru1q/xYKVn8oVTbiRBGmK2VIMoIYGJDGyftnGaC788IuzGFAlb7IQ0Y8A==}
    engines: {node: '>=12'}
    cpu: [ppc64]
    os: [aix]

  '@esbuild/android-arm64@0.21.4':
    resolution: {integrity: sha512-fYFnz+ObClJ3dNiITySBUx+oNalYUT18/AryMxfovLkYWbutXsct3Wz2ZWAcGGppp+RVVX5FiXeLYGi97umisA==}
    engines: {node: '>=12'}
    cpu: [arm64]
    os: [android]

  '@esbuild/android-arm@0.21.4':
    resolution: {integrity: sha512-E7H/yTd8kGQfY4z9t3nRPk/hrhaCajfA3YSQSBrst8B+3uTcgsi8N+ZWYCaeIDsiVs6m65JPCaQN/DxBRclF3A==}
    engines: {node: '>=12'}
    cpu: [arm]
    os: [android]

  '@esbuild/android-x64@0.21.4':
    resolution: {integrity: sha512-mDqmlge3hFbEPbCWxp4fM6hqq7aZfLEHZAKGP9viq9wMUBVQx202aDIfc3l+d2cKhUJM741VrCXEzRFhPDKH3Q==}
    engines: {node: '>=12'}
    cpu: [x64]
    os: [android]

  '@esbuild/darwin-arm64@0.21.4':
    resolution: {integrity: sha512-72eaIrDZDSiWqpmCzVaBD58c8ea8cw/U0fq/PPOTqE3c53D0xVMRt2ooIABZ6/wj99Y+h4ksT/+I+srCDLU9TA==}
    engines: {node: '>=12'}
    cpu: [arm64]
    os: [darwin]

  '@esbuild/darwin-x64@0.21.4':
    resolution: {integrity: sha512-uBsuwRMehGmw1JC7Vecu/upOjTsMhgahmDkWhGLWxIgUn2x/Y4tIwUZngsmVb6XyPSTXJYS4YiASKPcm9Zitag==}
    engines: {node: '>=12'}
    cpu: [x64]
    os: [darwin]

  '@esbuild/freebsd-arm64@0.21.4':
    resolution: {integrity: sha512-8JfuSC6YMSAEIZIWNL3GtdUT5NhUA/CMUCpZdDRolUXNAXEE/Vbpe6qlGLpfThtY5NwXq8Hi4nJy4YfPh+TwAg==}
    engines: {node: '>=12'}
    cpu: [arm64]
    os: [freebsd]

  '@esbuild/freebsd-x64@0.21.4':
    resolution: {integrity: sha512-8d9y9eQhxv4ef7JmXny7591P/PYsDFc4+STaxC1GBv0tMyCdyWfXu2jBuqRsyhY8uL2HU8uPyscgE2KxCY9imQ==}
    engines: {node: '>=12'}
    cpu: [x64]
    os: [freebsd]

  '@esbuild/linux-arm64@0.21.4':
    resolution: {integrity: sha512-/GLD2orjNU50v9PcxNpYZi+y8dJ7e7/LhQukN3S4jNDXCKkyyiyAz9zDw3siZ7Eh1tRcnCHAo/WcqKMzmi4eMQ==}
    engines: {node: '>=12'}
    cpu: [arm64]
    os: [linux]

  '@esbuild/linux-arm@0.21.4':
    resolution: {integrity: sha512-2rqFFefpYmpMs+FWjkzSgXg5vViocqpq5a1PSRgT0AvSgxoXmGF17qfGAzKedg6wAwyM7UltrKVo9kxaJLMF/g==}
    engines: {node: '>=12'}
    cpu: [arm]
    os: [linux]

  '@esbuild/linux-ia32@0.21.4':
    resolution: {integrity: sha512-pNftBl7m/tFG3t2m/tSjuYeWIffzwAZT9m08+9DPLizxVOsUl8DdFzn9HvJrTQwe3wvJnwTdl92AonY36w/25g==}
    engines: {node: '>=12'}
    cpu: [ia32]
    os: [linux]

  '@esbuild/linux-loong64@0.21.4':
    resolution: {integrity: sha512-cSD2gzCK5LuVX+hszzXQzlWya6c7hilO71L9h4KHwqI4qeqZ57bAtkgcC2YioXjsbfAv4lPn3qe3b00Zt+jIfQ==}
    engines: {node: '>=12'}
    cpu: [loong64]
    os: [linux]

  '@esbuild/linux-mips64el@0.21.4':
    resolution: {integrity: sha512-qtzAd3BJh7UdbiXCrg6npWLYU0YpufsV9XlufKhMhYMJGJCdfX/G6+PNd0+v877X1JG5VmjBLUiFB0o8EUSicA==}
    engines: {node: '>=12'}
    cpu: [mips64el]
    os: [linux]

  '@esbuild/linux-ppc64@0.21.4':
    resolution: {integrity: sha512-yB8AYzOTaL0D5+2a4xEy7OVvbcypvDR05MsB/VVPVA7nL4hc5w5Dyd/ddnayStDgJE59fAgNEOdLhBxjfx5+dg==}
    engines: {node: '>=12'}
    cpu: [ppc64]
    os: [linux]

  '@esbuild/linux-riscv64@0.21.4':
    resolution: {integrity: sha512-Y5AgOuVzPjQdgU59ramLoqSSiXddu7F3F+LI5hYy/d1UHN7K5oLzYBDZe23QmQJ9PIVUXwOdKJ/jZahPdxzm9w==}
    engines: {node: '>=12'}
    cpu: [riscv64]
    os: [linux]

  '@esbuild/linux-s390x@0.21.4':
    resolution: {integrity: sha512-Iqc/l/FFwtt8FoTK9riYv9zQNms7B8u+vAI/rxKuN10HgQIXaPzKZc479lZ0x6+vKVQbu55GdpYpeNWzjOhgbA==}
    engines: {node: '>=12'}
    cpu: [s390x]
    os: [linux]

  '@esbuild/linux-x64@0.21.4':
    resolution: {integrity: sha512-Td9jv782UMAFsuLZINfUpoF5mZIbAj+jv1YVtE58rFtfvoKRiKSkRGQfHTgKamLVT/fO7203bHa3wU122V/Bdg==}
    engines: {node: '>=12'}
    cpu: [x64]
    os: [linux]

  '@esbuild/netbsd-x64@0.21.4':
    resolution: {integrity: sha512-Awn38oSXxsPMQxaV0Ipb7W/gxZtk5Tx3+W+rAPdZkyEhQ6968r9NvtkjhnhbEgWXYbgV+JEONJ6PcdBS+nlcpA==}
    engines: {node: '>=12'}
    cpu: [x64]
    os: [netbsd]

  '@esbuild/openbsd-x64@0.21.4':
    resolution: {integrity: sha512-IsUmQeCY0aU374R82fxIPu6vkOybWIMc3hVGZ3ChRwL9hA1TwY+tS0lgFWV5+F1+1ssuvvXt3HFqe8roCip8Hg==}
    engines: {node: '>=12'}
    cpu: [x64]
    os: [openbsd]

  '@esbuild/sunos-x64@0.21.4':
    resolution: {integrity: sha512-hsKhgZ4teLUaDA6FG/QIu2q0rI6I36tZVfM4DBZv3BG0mkMIdEnMbhc4xwLvLJSS22uWmaVkFkqWgIS0gPIm+A==}
    engines: {node: '>=12'}
    cpu: [x64]
    os: [sunos]

  '@esbuild/win32-arm64@0.21.4':
    resolution: {integrity: sha512-UUfMgMoXPoA/bvGUNfUBFLCh0gt9dxZYIx9W4rfJr7+hKe5jxxHmfOK8YSH4qsHLLN4Ck8JZ+v7Q5fIm1huErg==}
    engines: {node: '>=12'}
    cpu: [arm64]
    os: [win32]

  '@esbuild/win32-ia32@0.21.4':
    resolution: {integrity: sha512-yIxbspZb5kGCAHWm8dexALQ9en1IYDfErzjSEq1KzXFniHv019VT3mNtTK7t8qdy4TwT6QYHI9sEZabONHg+aw==}
    engines: {node: '>=12'}
    cpu: [ia32]
    os: [win32]

  '@esbuild/win32-x64@0.21.4':
    resolution: {integrity: sha512-sywLRD3UK/qRJt0oBwdpYLBibk7KiRfbswmWRDabuncQYSlf8aLEEUor/oP6KRz8KEG+HoiVLBhPRD5JWjS8Sg==}
    engines: {node: '>=12'}
    cpu: [x64]
    os: [win32]

  '@types/chrome@0.0.268':
    resolution: {integrity: sha512-7N1QH9buudSJ7sI8Pe4mBHJr5oZ48s0hcanI9w3wgijAlv1OZNUZve9JR4x42dn5lJ5Sm87V1JNfnoh10EnQlA==}

  '@types/filesystem@0.0.36':
    resolution: {integrity: sha512-vPDXOZuannb9FZdxgHnqSwAG/jvdGM8Wq+6N4D/d80z+D4HWH+bItqsZaVRQykAn6WEVeEkLm2oQigyHtgb0RA==}

  '@types/filewriter@0.0.33':
    resolution: {integrity: sha512-xFU8ZXTw4gd358lb2jw25nxY9QAgqn2+bKKjKOYfNCzN4DKCFetK7sPtrlpg66Ywe3vWY9FNxprZawAh9wfJ3g==}

  '@types/har-format@1.2.15':
    resolution: {integrity: sha512-RpQH4rXLuvTXKR0zqHq3go0RVXYv/YVqv4TnPH95VbwUxZdQlK1EtcMvQvMpDngHbt13Csh9Z4qT9AbkiQH5BA==}

  '@victr/deepmerge@1.3.2':
    resolution: {integrity: sha512-32/Yb0uvqDK+aFb7QbtHbHKmoPseGKcoRMN5aFyHN+CGAzqzQQ/iQYSSHu+x9KVMPG3J0lB3gQo/ngXzzPN3sg==}

  clickdown@1.1.2:
    resolution: {integrity: sha512-15nxJIgqDNdWwSy4P/HmFJdSLO+RKjafezZkH7M/4lbv2+JDMMGMcNS8nVnTe2TjvTvGrEQvZ5NXRoeBAeZjBg==}

  esbuild@0.21.4:
    resolution: {integrity: sha512-sFMcNNrj+Q0ZDolrp5pDhH0nRPN9hLIM3fRPwgbLYJeSHHgnXSnbV3xYgSVuOeLWH9c73VwmEverVzupIv5xuA==}
    engines: {node: '>=12'}
    hasBin: true

  idb-keyval@6.2.1:
    resolution: {integrity: sha512-8Sb3veuYCyrZL+VBt9LJfZjLUPWVvqn8tG28VqYNFCo43KHcKuq+b4EiXGeuaLAQWL2YmyDgMp2aSpH9JHsEQg==}

  pocket-editor@2.2.0:
    resolution: {integrity: sha512-PqTC4Yw7gR0r2hDxTDWFQWmYG4AlQsu3wXa5zabEL4Wfi+I0EAXROgH59Dgg80Auq7ByiledydVbBnismZLmjA==}
    engines: {pnpm: '>=7'}

  prism-code-editor@3.3.1:
    resolution: {integrity: sha512-OFfXi1GgoeOwUAeC4K3iRZty0tSbuC3hin+UeYhGPWddsMUWGu8FqxENCr+R+ODC2PUkfU05EnS6qRjV9TvfMg==}

  user-agent-data-types@0.4.2:
    resolution: {integrity: sha512-jXep3kO/dGNmDOkbDa8ccp4QArgxR4I76m3QVcJ1aOF0B9toc+YtSXtX5gLdDTZXyWlpQYQrABr6L1L2GZOghw==}

  web-ext-types@3.2.1:
    resolution: {integrity: sha512-oQZYDU3W8X867h8Jmt3129kRVKklz70db40Y6OzoTTuzOJpF/dB2KULJUf0txVPyUUXuyzV8GmT3nVvRHoG+Ew==}

snapshots:

  '@esbuild/aix-ppc64@0.21.4':
    optional: true

  '@esbuild/android-arm64@0.21.4':
    optional: true

  '@esbuild/android-arm@0.21.4':
    optional: true

  '@esbuild/android-x64@0.21.4':
    optional: true

  '@esbuild/darwin-arm64@0.21.4':
    optional: true

  '@esbuild/darwin-x64@0.21.4':
    optional: true

  '@esbuild/freebsd-arm64@0.21.4':
    optional: true

  '@esbuild/freebsd-x64@0.21.4':
    optional: true

  '@esbuild/linux-arm64@0.21.4':
    optional: true

  '@esbuild/linux-arm@0.21.4':
    optional: true

  '@esbuild/linux-ia32@0.21.4':
    optional: true

  '@esbuild/linux-loong64@0.21.4':
    optional: true

  '@esbuild/linux-mips64el@0.21.4':
    optional: true

  '@esbuild/linux-ppc64@0.21.4':
    optional: true

  '@esbuild/linux-riscv64@0.21.4':
    optional: true

  '@esbuild/linux-s390x@0.21.4':
    optional: true

  '@esbuild/linux-x64@0.21.4':
    optional: true

  '@esbuild/netbsd-x64@0.21.4':
    optional: true

  '@esbuild/openbsd-x64@0.21.4':
    optional: true

  '@esbuild/sunos-x64@0.21.4':
    optional: true

  '@esbuild/win32-arm64@0.21.4':
    optional: true

  '@esbuild/win32-ia32@0.21.4':
    optional: true

  '@esbuild/win32-x64@0.21.4':
    optional: true

  '@types/chrome@0.0.268':
    dependencies:
      '@types/filesystem': 0.0.36
      '@types/har-format': 1.2.15

  '@types/filesystem@0.0.36':
    dependencies:
      '@types/filewriter': 0.0.33

  '@types/filewriter@0.0.33': {}

  '@types/har-format@1.2.15': {}

  '@victr/deepmerge@1.3.2': {}

  clickdown@1.1.2: {}

  esbuild@0.21.4:
    optionalDependencies:
      '@esbuild/aix-ppc64': 0.21.4
      '@esbuild/android-arm': 0.21.4
      '@esbuild/android-arm64': 0.21.4
      '@esbuild/android-x64': 0.21.4
      '@esbuild/darwin-arm64': 0.21.4
      '@esbuild/darwin-x64': 0.21.4
      '@esbuild/freebsd-arm64': 0.21.4
      '@esbuild/freebsd-x64': 0.21.4
      '@esbuild/linux-arm': 0.21.4
      '@esbuild/linux-arm64': 0.21.4
      '@esbuild/linux-ia32': 0.21.4
      '@esbuild/linux-loong64': 0.21.4
      '@esbuild/linux-mips64el': 0.21.4
      '@esbuild/linux-ppc64': 0.21.4
      '@esbuild/linux-riscv64': 0.21.4
      '@esbuild/linux-s390x': 0.21.4
      '@esbuild/linux-x64': 0.21.4
      '@esbuild/netbsd-x64': 0.21.4
      '@esbuild/openbsd-x64': 0.21.4
      '@esbuild/sunos-x64': 0.21.4
      '@esbuild/win32-arm64': 0.21.4
      '@esbuild/win32-ia32': 0.21.4
      '@esbuild/win32-x64': 0.21.4

  idb-keyval@6.2.1: {}

  pocket-editor@2.2.0: {}

  prism-code-editor@3.3.1: {}

  user-agent-data-types@0.4.2: {}

  web-ext-types@3.2.1: {}
